
Microsoft Visual Studio Solution File, Format Version 12.00
# Visual Studio Version 17
VisualStudioVersion = 17.2.32422.2
MinimumVisualStudioVersion = 10.0.40219.1
Project("{8BC9CEB8-8B4A-11D0-8D11-00A0C91BC942}") = "NWire", "NWire\NWire.vcxitems", "{8010D429-207A-4FD4-9A7D-70DC23C6F1C5}"
EndProject
Project("{8BC9CEB8-8B4A-11D0-8D11-00A0C91BC942}") = "NTimer", "NTimer\NTimer.vcxitems", "{B71D598B-CBA5-4070-AB75-EEC486CD193A}"
EndProject
Project("{8BC9CEB8-8B4A-11D0-8D11-00A0C91BC942}") = "NRotary", "NRotary\NRotary.vcxitems", "{C3A94ED2-679D-44FE-A6FE-4BB7B3D58880}"
EndProject
Project("{8BC9CEB8-8B4A-11D0-8D11-00A0C91BC942}") = "NPush", "NPush\NPush.vcxitems", "{7A568D34-EAAF-418C-85D3-78BA7431C45A}"
EndProject
Project("{8BC9CEB8-8B4A-11D0-8D11-00A0C91BC942}") = "NFuncs", "NFuncs\NFuncs.vcxitems", "{5E64EA8B-9189-4EDF-86E2-6BFBEB350314}"
EndProject
Project("{8BC9CEB8-8B4A-11D0-8D11-00A0C91BC942}") = "NDefs", "NDefs\NDefs.vcxitems", "{14C9DC9F-6259-48AE-89CD-21382B2A3088}"
EndProject
Project("{8BC9CEB8-8B4A-11D0-8D11-00A0C91BC942}") = "NColor", "NColor\NColor.vcxitems", "{03475EA5-0705-4E6C-BD81-9ADB90F4E5C4}"
EndProject
Project("{2150E333-8FDC-42A3-9474-1A3956D46DE8}") = "Tools", "Tools", "{0E869463-603F-4106-A670-C69AC46E97EB}"
	ProjectSection(SolutionItems) = preProject
		Tools\arduino-lint.exe = Tools\arduino-lint.exe
		Tools\install.bat = Tools\install.bat
		Tools\links.txt = Tools\links.txt
		Tools\SemanticVersioningRules.txt = Tools\SemanticVersioningRules.txt
	EndProjectSection
EndProject
Project("{2150E333-8FDC-42A3-9474-1A3956D46DE8}") = "Tests", "Tests", "{79B844CE-9316-45B5-A2E5-35EA0CDE26CF}"
EndProject
Project("{2150E333-8FDC-42A3-9474-1A3956D46DE8}") = "NSerial", "NSerial", "{D02344FC-7593-4C0B-8EF1-7F67F097BF61}"
EndProject
Project("{2150E333-8FDC-42A3-9474-1A3956D46DE8}") = "Reference", "Reference", "{6CE362D3-5F1D-4FFA-847D-6A84CF5FC103}"
EndProject
Project("{2150E333-8FDC-42A3-9474-1A3956D46DE8}") = "Libraries", "Libraries", "{1D60B878-A8E5-4242-9E52-A2DA818397AF}"
EndProject
Project("{2150E333-8FDC-42A3-9474-1A3956D46DE8}") = "Git", "Git", "{50586BEC-EDA1-43B6-87D3-0A205D30F363}"
	ProjectSection(SolutionItems) = preProject
		.gitignore = .gitignore
		.gitmodules = .gitmodules
		README.md = README.md
	EndProjectSection
EndProject
Project("{8BC9CEB8-8B4A-11D0-8D11-00A0C91BC942}") = "NHCSR04", "NHC-SR04\NHCSR04.vcxitems", "{8DFC44F8-4BD7-4F22-9380-D35D2A64E5DE}"
EndProject
Project("{2150E333-8FDC-42A3-9474-1A3956D46DE8}") = "NPush", "NPush", "{8D82A7D9-7D2A-43C2-BB33-E7598D3D5B61}"
EndProject
Project("{8BC9CEB8-8B4A-11D0-8D11-00A0C91BC942}") = "1.0.2 Test 1", "Tests\NPush\1.0.2 Test 1\1.0.2 Test 1.vcxproj", "{AC1D484A-6850-4DF3-BBD0-71FFAB2989E9}"
EndProject
Project("{FAE04EC0-301F-11D3-BF4B-00C04F79EFBC}") = "Installer", "Tools\Installer\Installer.csproj", "{EACAA1FC-DA78-4780-A8AD-1B34A04589F6}"
EndProject
Project("{2150E333-8FDC-42A3-9474-1A3956D46DE8}") = "NEvents", "NEvents", "{FB70BEC8-F7D1-49D8-A3B6-2837765BE403}"
EndProject
Project("{8BC9CEB8-8B4A-11D0-8D11-00A0C91BC942}") = "NEvents Test 1", "Tests\NEvents\NEvents Test 1\NEvents Test 1.vcxproj", "{B66F8712-91CB-4639-B00F-474AC8967E1D}"
EndProject
Project("{8BC9CEB8-8B4A-11D0-8D11-00A0C91BC942}") = "NEvents", "NEvents\NEvents.vcxitems", "{6690F465-F8A8-4E47-85AD-198D9B969444}"
EndProject
Project("{2150E333-8FDC-42A3-9474-1A3956D46DE8}") = "NTimer", "NTimer", "{9C9763C6-B7A9-49A5-9908-F0E1DD11C059}"
EndProject
Project("{8BC9CEB8-8B4A-11D0-8D11-00A0C91BC942}") = "NTimer Header Transition", "Tests\NTimer\NTimer Header Transition\NTimer Header Transition.vcxproj", "{E1BB8468-9D15-4007-B303-11684D5CA149}"
EndProject
Project("{8BC9CEB8-8B4A-11D0-8D11-00A0C91BC942}") = "NLinkedList", "NLinkedList\NLinkedList.vcxitems", "{DCEEA9D4-E710-463B-9F67-65327A12DCAC}"
EndProject
Project("{FAE04EC0-301F-11D3-BF4B-00C04F79EFBC}") = "NSerial Test", "Tests\NSerial\NSerial Test\NSerial Test.csproj", "{FBC74E9F-D067-422D-80ED-C55ED22FEC96}"
EndProject
Project("{8BC9CEB8-8B4A-11D0-8D11-00A0C91BC942}") = "NSerial Test (LCD I2C)", "Tests\NSerial\NSerial Test (LCD I2C)\NSerial Test (LCD I2C).vcxproj", "{C5F80730-F44F-4478-BDAE-6634EFC2CA88}"
EndProject
Project("{8BC9CEB8-8B4A-11D0-8D11-00A0C91BC942}") = "Reference Sketch", "Reference\Reference Sketch\Reference Sketch.vcxproj", "{3652DD51-E916-4713-8582-802F0AA90F77}"
EndProject
Project("{8BC9CEB8-8B4A-11D0-8D11-00A0C91BC942}") = "NStreamCom", "NStreamCom\NStreamCom.vcxitems", "{9B18E933-E472-4EF6-AEF0-36FCEC562E6C}"
EndProject
Global
	GlobalSection(SolutionConfigurationPlatforms) = preSolution
		Debug|Any CPU = Debug|Any CPU
		Debug|x86 = Debug|x86
		Release|Any CPU = Release|Any CPU
		Release|x86 = Release|x86
	EndGlobalSection
	GlobalSection(ProjectConfigurationPlatforms) = postSolution
		{AC1D484A-6850-4DF3-BBD0-71FFAB2989E9}.Debug|Any CPU.ActiveCfg = Debug|Win32
		{AC1D484A-6850-4DF3-BBD0-71FFAB2989E9}.Debug|Any CPU.Build.0 = Debug|Win32
		{AC1D484A-6850-4DF3-BBD0-71FFAB2989E9}.Debug|x86.ActiveCfg = Debug|Win32
		{AC1D484A-6850-4DF3-BBD0-71FFAB2989E9}.Debug|x86.Build.0 = Debug|Win32
		{AC1D484A-6850-4DF3-BBD0-71FFAB2989E9}.Release|Any CPU.ActiveCfg = Release|Win32
		{AC1D484A-6850-4DF3-BBD0-71FFAB2989E9}.Release|Any CPU.Build.0 = Release|Win32
		{AC1D484A-6850-4DF3-BBD0-71FFAB2989E9}.Release|x86.ActiveCfg = Release|Win32
		{AC1D484A-6850-4DF3-BBD0-71FFAB2989E9}.Release|x86.Build.0 = Release|Win32
		{EACAA1FC-DA78-4780-A8AD-1B34A04589F6}.Debug|Any CPU.ActiveCfg = Debug|Any CPU
		{EACAA1FC-DA78-4780-A8AD-1B34A04589F6}.Debug|Any CPU.Build.0 = Debug|Any CPU
		{EACAA1FC-DA78-4780-A8AD-1B34A04589F6}.Debug|x86.ActiveCfg = Debug|Any CPU
		{EACAA1FC-DA78-4780-A8AD-1B34A04589F6}.Debug|x86.Build.0 = Debug|Any CPU
		{EACAA1FC-DA78-4780-A8AD-1B34A04589F6}.Release|Any CPU.ActiveCfg = Release|Any CPU
		{EACAA1FC-DA78-4780-A8AD-1B34A04589F6}.Release|Any CPU.Build.0 = Release|Any CPU
		{EACAA1FC-DA78-4780-A8AD-1B34A04589F6}.Release|x86.ActiveCfg = Release|Any CPU
		{EACAA1FC-DA78-4780-A8AD-1B34A04589F6}.Release|x86.Build.0 = Release|Any CPU
		{B66F8712-91CB-4639-B00F-474AC8967E1D}.Debug|Any CPU.ActiveCfg = Debug|Win32
		{B66F8712-91CB-4639-B00F-474AC8967E1D}.Debug|Any CPU.Build.0 = Debug|Win32
		{B66F8712-91CB-4639-B00F-474AC8967E1D}.Debug|x86.ActiveCfg = Debug|Win32
		{B66F8712-91CB-4639-B00F-474AC8967E1D}.Debug|x86.Build.0 = Debug|Win32
		{B66F8712-91CB-4639-B00F-474AC8967E1D}.Release|Any CPU.ActiveCfg = Release|Win32
		{B66F8712-91CB-4639-B00F-474AC8967E1D}.Release|Any CPU.Build.0 = Release|Win32
		{B66F8712-91CB-4639-B00F-474AC8967E1D}.Release|x86.ActiveCfg = Release|Win32
		{B66F8712-91CB-4639-B00F-474AC8967E1D}.Release|x86.Build.0 = Release|Win32
		{E1BB8468-9D15-4007-B303-11684D5CA149}.Debug|Any CPU.ActiveCfg = Debug|Win32
		{E1BB8468-9D15-4007-B303-11684D5CA149}.Debug|Any CPU.Build.0 = Debug|Win32
		{E1BB8468-9D15-4007-B303-11684D5CA149}.Debug|x86.ActiveCfg = Debug|Win32
		{E1BB8468-9D15-4007-B303-11684D5CA149}.Debug|x86.Build.0 = Debug|Win32
		{E1BB8468-9D15-4007-B303-11684D5CA149}.Release|Any CPU.ActiveCfg = Release|Win32
		{E1BB8468-9D15-4007-B303-11684D5CA149}.Release|Any CPU.Build.0 = Release|Win32
		{E1BB8468-9D15-4007-B303-11684D5CA149}.Release|x86.ActiveCfg = Release|Win32
		{E1BB8468-9D15-4007-B303-11684D5CA149}.Release|x86.Build.0 = Release|Win32
		{FBC74E9F-D067-422D-80ED-C55ED22FEC96}.Debug|Any CPU.ActiveCfg = Debug|Any CPU
		{FBC74E9F-D067-422D-80ED-C55ED22FEC96}.Debug|Any CPU.Build.0 = Debug|Any CPU
		{FBC74E9F-D067-422D-80ED-C55ED22FEC96}.Debug|x86.ActiveCfg = Debug|Any CPU
		{FBC74E9F-D067-422D-80ED-C55ED22FEC96}.Debug|x86.Build.0 = Debug|Any CPU
		{FBC74E9F-D067-422D-80ED-C55ED22FEC96}.Release|Any CPU.ActiveCfg = Release|Any CPU
		{FBC74E9F-D067-422D-80ED-C55ED22FEC96}.Release|Any CPU.Build.0 = Release|Any CPU
		{FBC74E9F-D067-422D-80ED-C55ED22FEC96}.Release|x86.ActiveCfg = Release|Any CPU
		{FBC74E9F-D067-422D-80ED-C55ED22FEC96}.Release|x86.Build.0 = Release|Any CPU
		{C5F80730-F44F-4478-BDAE-6634EFC2CA88}.Debug|Any CPU.ActiveCfg = Debug|Win32
		{C5F80730-F44F-4478-BDAE-6634EFC2CA88}.Debug|Any CPU.Build.0 = Debug|Win32
		{C5F80730-F44F-4478-BDAE-6634EFC2CA88}.Debug|x86.ActiveCfg = Debug|Win32
		{C5F80730-F44F-4478-BDAE-6634EFC2CA88}.Debug|x86.Build.0 = Debug|Win32
		{C5F80730-F44F-4478-BDAE-6634EFC2CA88}.Release|Any CPU.ActiveCfg = Release|Win32
		{C5F80730-F44F-4478-BDAE-6634EFC2CA88}.Release|Any CPU.Build.0 = Release|Win32
		{C5F80730-F44F-4478-BDAE-6634EFC2CA88}.Release|x86.ActiveCfg = Release|Win32
		{C5F80730-F44F-4478-BDAE-6634EFC2CA88}.Release|x86.Build.0 = Release|Win32
		{3652DD51-E916-4713-8582-802F0AA90F77}.Debug|Any CPU.ActiveCfg = Debug|Win32
		{3652DD51-E916-4713-8582-802F0AA90F77}.Debug|Any CPU.Build.0 = Debug|Win32
		{3652DD51-E916-4713-8582-802F0AA90F77}.Debug|x86.ActiveCfg = Debug|Win32
		{3652DD51-E916-4713-8582-802F0AA90F77}.Debug|x86.Build.0 = Debug|Win32
		{3652DD51-E916-4713-8582-802F0AA90F77}.Release|Any CPU.ActiveCfg = Release|Win32
		{3652DD51-E916-4713-8582-802F0AA90F77}.Release|Any CPU.Build.0 = Release|Win32
		{3652DD51-E916-4713-8582-802F0AA90F77}.Release|x86.ActiveCfg = Release|Win32
		{3652DD51-E916-4713-8582-802F0AA90F77}.Release|x86.Build.0 = Release|Win32
	EndGlobalSection
	GlobalSection(SolutionProperties) = preSolution
		HideSolutionNode = FALSE
	EndGlobalSection
	GlobalSection(NestedProjects) = preSolution
		{8010D429-207A-4FD4-9A7D-70DC23C6F1C5} = {1D60B878-A8E5-4242-9E52-A2DA818397AF}
		{B71D598B-CBA5-4070-AB75-EEC486CD193A} = {1D60B878-A8E5-4242-9E52-A2DA818397AF}
		{C3A94ED2-679D-44FE-A6FE-4BB7B3D58880} = {1D60B878-A8E5-4242-9E52-A2DA818397AF}
		{7A568D34-EAAF-418C-85D3-78BA7431C45A} = {1D60B878-A8E5-4242-9E52-A2DA818397AF}
		{5E64EA8B-9189-4EDF-86E2-6BFBEB350314} = {1D60B878-A8E5-4242-9E52-A2DA818397AF}
		{14C9DC9F-6259-48AE-89CD-21382B2A3088} = {1D60B878-A8E5-4242-9E52-A2DA818397AF}
		{03475EA5-0705-4E6C-BD81-9ADB90F4E5C4} = {1D60B878-A8E5-4242-9E52-A2DA818397AF}
		{D02344FC-7593-4C0B-8EF1-7F67F097BF61} = {79B844CE-9316-45B5-A2E5-35EA0CDE26CF}
		{8DFC44F8-4BD7-4F22-9380-D35D2A64E5DE} = {1D60B878-A8E5-4242-9E52-A2DA818397AF}
		{8D82A7D9-7D2A-43C2-BB33-E7598D3D5B61} = {79B844CE-9316-45B5-A2E5-35EA0CDE26CF}
		{AC1D484A-6850-4DF3-BBD0-71FFAB2989E9} = {8D82A7D9-7D2A-43C2-BB33-E7598D3D5B61}
		{EACAA1FC-DA78-4780-A8AD-1B34A04589F6} = {0E869463-603F-4106-A670-C69AC46E97EB}
		{FB70BEC8-F7D1-49D8-A3B6-2837765BE403} = {79B844CE-9316-45B5-A2E5-35EA0CDE26CF}
		{B66F8712-91CB-4639-B00F-474AC8967E1D} = {FB70BEC8-F7D1-49D8-A3B6-2837765BE403}
		{6690F465-F8A8-4E47-85AD-198D9B969444} = {1D60B878-A8E5-4242-9E52-A2DA818397AF}
		{9C9763C6-B7A9-49A5-9908-F0E1DD11C059} = {79B844CE-9316-45B5-A2E5-35EA0CDE26CF}
		{E1BB8468-9D15-4007-B303-11684D5CA149} = {9C9763C6-B7A9-49A5-9908-F0E1DD11C059}
		{DCEEA9D4-E710-463B-9F67-65327A12DCAC} = {1D60B878-A8E5-4242-9E52-A2DA818397AF}
		{FBC74E9F-D067-422D-80ED-C55ED22FEC96} = {D02344FC-7593-4C0B-8EF1-7F67F097BF61}
		{C5F80730-F44F-4478-BDAE-6634EFC2CA88} = {D02344FC-7593-4C0B-8EF1-7F67F097BF61}
		{3652DD51-E916-4713-8582-802F0AA90F77} = {6CE362D3-5F1D-4FFA-847D-6A84CF5FC103}
		{9B18E933-E472-4EF6-AEF0-36FCEC562E6C} = {1D60B878-A8E5-4242-9E52-A2DA818397AF}
	EndGlobalSection
	GlobalSection(ExtensibilityGlobals) = postSolution
		SolutionGuid = {0CC664A3-5DE9-4A39-A123-9E5CD08BAA65}
	EndGlobalSection
	GlobalSection(SharedMSBuildProjectFiles) = preSolution
		NColor\NColor.vcxitems*{03475ea5-0705-4e6c-bd81-9adb90f4e5c4}*SharedItemsImports = 9
		NDefs\NDefs.vcxitems*{14c9dc9f-6259-48ae-89cd-21382b2a3088}*SharedItemsImports = 9
		NColor\NColor.vcxitems*{3652dd51-e916-4713-8582-802f0aa90f77}*SharedItemsImports = 4
		NDefs\NDefs.vcxitems*{3652dd51-e916-4713-8582-802f0aa90f77}*SharedItemsImports = 4
		NEvents\NEvents.vcxitems*{3652dd51-e916-4713-8582-802f0aa90f77}*SharedItemsImports = 4
		NFuncs\NFuncs.vcxitems*{3652dd51-e916-4713-8582-802f0aa90f77}*SharedItemsImports = 4
		NLinkedList\NLinkedList.vcxitems*{3652dd51-e916-4713-8582-802f0aa90f77}*SharedItemsImports = 4
		NPush\NPush.vcxitems*{3652dd51-e916-4713-8582-802f0aa90f77}*SharedItemsImports = 4
		NRotary\NRotary.vcxitems*{3652dd51-e916-4713-8582-802f0aa90f77}*SharedItemsImports = 4
		NStreamCom\NStreamCom.vcxitems*{3652dd51-e916-4713-8582-802f0aa90f77}*SharedItemsImports = 4
		NWire\NWire.vcxitems*{3652dd51-e916-4713-8582-802f0aa90f77}*SharedItemsImports = 4
		NFuncs\NFuncs.vcxitems*{5e64ea8b-9189-4edf-86e2-6bfbeb350314}*SharedItemsImports = 9
		NEvents\NEvents.vcxitems*{6690f465-f8a8-4e47-85ad-198d9b969444}*SharedItemsImports = 9
		NPush\NPush.vcxitems*{7a568d34-eaaf-418c-85d3-78ba7431c45a}*SharedItemsImports = 9
		NWire\NWire.vcxitems*{8010d429-207a-4fd4-9a7d-70dc23c6f1c5}*SharedItemsImports = 9
		NHC-SR04\NHCSR04.vcxitems*{8dfc44f8-4bd7-4f22-9380-d35d2a64e5de}*SharedItemsImports = 9
		NStreamCom\NStreamCom.vcxitems*{9b18e933-e472-4ef6-aef0-36fcec562e6c}*SharedItemsImports = 9
		NDefs\NDefs.vcxitems*{ac1d484a-6850-4df3-bbd0-71ffab2989e9}*SharedItemsImports = 4
		NPush\NPush.vcxitems*{ac1d484a-6850-4df3-bbd0-71ffab2989e9}*SharedItemsImports = 4
		NDefs\NDefs.vcxitems*{b66f8712-91cb-4639-b00f-474ac8967e1d}*SharedItemsImports = 4
		NEvents\NEvents.vcxitems*{b66f8712-91cb-4639-b00f-474ac8967e1d}*SharedItemsImports = 4
		NTimer\NTimer.vcxitems*{b66f8712-91cb-4639-b00f-474ac8967e1d}*SharedItemsImports = 4
		NTimer\NTimer.vcxitems*{b71d598b-cba5-4070-ab75-eec486cd193a}*SharedItemsImports = 9
		NRotary\NRotary.vcxitems*{c3a94ed2-679d-44fe-a6fe-4bb7b3d58880}*SharedItemsImports = 9
		NLinkedList\NLinkedList.vcxitems*{dceea9d4-e710-463b-9f67-65327a12dcac}*SharedItemsImports = 9
		NDefs\NDefs.vcxitems*{e1bb8468-9d15-4007-b303-11684d5ca149}*SharedItemsImports = 4
		NEvents\NEvents.vcxitems*{e1bb8468-9d15-4007-b303-11684d5ca149}*SharedItemsImports = 4
		NPush\NPush.vcxitems*{e1bb8468-9d15-4007-b303-11684d5ca149}*SharedItemsImports = 4
		NTimer\NTimer.vcxitems*{e1bb8468-9d15-4007-b303-11684d5ca149}*SharedItemsImports = 4
	EndGlobalSection
EndGlobal
